
Microsoft Visual Studio Solution File, Format Version 12.00
# Visual Studio Version 17
VisualStudioVersion = 17.14.36811.4 d17.14
MinimumVisualStudioVersion = 10.0.40219.1
Project("{FAE04EC0-301F-11D3-BF4B-00C04F79EFBC}") = "GestaoDeCliente.API", "GestaoDeCliente.API\GestaoDeCliente.API.csproj", "{3B51C55B-B2AE-4CF7-9568-7BEE22277B95}"
EndProject
Project("{FAE04EC0-301F-11D3-BF4B-00C04F79EFBC}") = "GestaoDeCliente.Application", "GestaoDeCliente.Application\GestaoDeCliente.Application.csproj", "{0C1764B8-7B48-4843-A9F1-D3511768B618}"
EndProject
Project("{FAE04EC0-301F-11D3-BF4B-00C04F79EFBC}") = "GestaoDeCliente.infrastructure", "GestaoDeCliente.infrastructure\GestaoDeCliente.infrastructure.csproj", "{A052E94D-D87A-4E57-883A-2FD1DF6D1F65}"
EndProject
Project("{FAE04EC0-301F-11D3-BF4B-00C04F79EFBC}") = "GestaoDeCliente.TestsUnit", "GestaoDeCliente.TestsUnit\GestaoDeCliente.TestsUnit.csproj", "{E51DC288-5616-40FB-8E6F-B3A22707E4E0}"
EndProject
Project("{FAE04EC0-301F-11D3-BF4B-00C04F79EFBC}") = "GestaoDeCliente.Core", "GestaoDeCliente.Core\GestaoDeCliente.Core.csproj", "{0099BBE8-B7E1-41DB-A221-206D76890872}"
EndProject
Global
	GlobalSection(SolutionConfigurationPlatforms) = preSolution
		Debug|Any CPU = Debug|Any CPU
		Release|Any CPU = Release|Any CPU
	EndGlobalSection
	GlobalSection(ProjectConfigurationPlatforms) = postSolution
		{3B51C55B-B2AE-4CF7-9568-7BEE22277B95}.Debug|Any CPU.ActiveCfg = Debug|Any CPU
		{3B51C55B-B2AE-4CF7-9568-7BEE22277B95}.Debug|Any CPU.Build.0 = Debug|Any CPU
		{3B51C55B-B2AE-4CF7-9568-7BEE22277B95}.Release|Any CPU.ActiveCfg = Release|Any CPU
		{3B51C55B-B2AE-4CF7-9568-7BEE22277B95}.Release|Any CPU.Build.0 = Release|Any CPU
		{0C1764B8-7B48-4843-A9F1-D3511768B618}.Debug|Any CPU.ActiveCfg = Debug|Any CPU
		{0C1764B8-7B48-4843-A9F1-D3511768B618}.Debug|Any CPU.Build.0 = Debug|Any CPU
		{0C1764B8-7B48-4843-A9F1-D3511768B618}.Release|Any CPU.ActiveCfg = Release|Any CPU
		{0C1764B8-7B48-4843-A9F1-D3511768B618}.Release|Any CPU.Build.0 = Release|Any CPU
		{A052E94D-D87A-4E57-883A-2FD1DF6D1F65}.Debug|Any CPU.ActiveCfg = Debug|Any CPU
		{A052E94D-D87A-4E57-883A-2FD1DF6D1F65}.Debug|Any CPU.Build.0 = Debug|Any CPU
		{A052E94D-D87A-4E57-883A-2FD1DF6D1F65}.Release|Any CPU.ActiveCfg = Release|Any CPU
		{A052E94D-D87A-4E57-883A-2FD1DF6D1F65}.Release|Any CPU.Build.0 = Release|Any CPU
		{E51DC288-5616-40FB-8E6F-B3A22707E4E0}.Debug|Any CPU.ActiveCfg = Debug|Any CPU
		{E51DC288-5616-40FB-8E6F-B3A22707E4E0}.Debug|Any CPU.Build.0 = Debug|Any CPU
		{E51DC288-5616-40FB-8E6F-B3A22707E4E0}.Release|Any CPU.ActiveCfg = Release|Any CPU
		{E51DC288-5616-40FB-8E6F-B3A22707E4E0}.Release|Any CPU.Build.0 = Release|Any CPU
		{0099BBE8-B7E1-41DB-A221-206D76890872}.Debug|Any CPU.ActiveCfg = Debug|Any CPU
		{0099BBE8-B7E1-41DB-A221-206D76890872}.Debug|Any CPU.Build.0 = Debug|Any CPU
		{0099BBE8-B7E1-41DB-A221-206D76890872}.Release|Any CPU.ActiveCfg = Release|Any CPU
		{0099BBE8-B7E1-41DB-A221-206D76890872}.Release|Any CPU.Build.0 = Release|Any CPU
	EndGlobalSection
	GlobalSection(SolutionProperties) = preSolution
		HideSolutionNode = FALSE
	EndGlobalSection
	GlobalSection(ExtensibilityGlobals) = postSolution
		SolutionGuid = {F645D61D-5554-431A-8C75-DCBAAD77F906}
	EndGlobalSection
EndGlobal
